// !$*UTF8*$!
{
	archiveVersion = 1;
	classes = {
	};
	objectVersion = 50;
	objects = {

/* Begin PBXBuildFile section */
		04F6AAA3262432D200712275 /* AppDelegate.swift in Sources */ = {isa = PBXBuildFile; fileRef = 04F6AAA2262432D200712275 /* AppDelegate.swift */; };
		04F6AAA5262432D200712275 /* SceneDelegate.swift in Sources */ = {isa = PBXBuildFile; fileRef = 04F6AAA4262432D200712275 /* SceneDelegate.swift */; };
		04F6AAA7262432D200712275 /* ViewController.swift in Sources */ = {isa = PBXBuildFile; fileRef = 04F6AAA6262432D200712275 /* ViewController.swift */; };
		04F6AAAC262432D700712275 /* Assets.xcassets in Resources */ = {isa = PBXBuildFile; fileRef = 04F6AAAB262432D700712275 /* Assets.xcassets */; };
		04F6AAAF262432D700712275 /* LaunchScreen.storyboard in Resources */ = {isa = PBXBuildFile; fileRef = 04F6AAAD262432D700712275 /* LaunchScreen.storyboard */; };
		04F6AABA262432D700712275 /* bazel_tulsiTests.swift in Sources */ = {isa = PBXBuildFile; fileRef = 04F6AAB9262432D700712275 /* bazel_tulsiTests.swift */; };
		04F6AAC5262432D700712275 /* bazel_tulsiUITests.swift in Sources */ = {isa = PBXBuildFile; fileRef = 04F6AAC4262432D700712275 /* bazel_tulsiUITests.swift */; };
/* End PBXBuildFile section */

/* Begin PBXContainerItemProxy section */
		04F6AAB6262432D700712275 /* PBXContainerItemProxy */ = {
			isa = PBXContainerItemProxy;
			containerPortal = 04F6AA97262432D200712275 /* Project object */;
			proxyType = 1;
			remoteGlobalIDString = 04F6AA9E262432D200712275;
			remoteInfo = "bazel-tulsi";
		};
		04F6AAC1262432D700712275 /* PBXContainerItemProxy */ = {
			isa = PBXContainerItemProxy;
			containerPortal = 04F6AA97262432D200712275 /* Project object */;
			proxyType = 1;
			remoteGlobalIDString = 04F6AA9E262432D200712275;
			remoteInfo = "bazel-tulsi";
		};
/* End PBXContainerItemProxy section */

/* Begin PBXFileReference section */
		04F6AA9F262432D200712275 /* bazel-tulsi.app */ = {isa = PBXFileReference; explicitFileType = wrapper.application; includeInIndex = 0; path = "bazel-tulsi.app"; sourceTree = BUILT_PRODUCTS_DIR; };
		04F6AAA2262432D200712275 /* AppDelegate.swift */ = {isa = PBXFileReference; lastKnownFileType = sourcecode.swift; path = AppDelegate.swift; sourceTree = "<group>"; };
		04F6AAA4262432D200712275 /* SceneDelegate.swift */ = {isa = PBXFileReference; lastKnownFileType = sourcecode.swift; path = SceneDelegate.swift; sourceTree = "<group>"; };
		04F6AAA6262432D200712275 /* ViewController.swift */ = {isa = PBXFileReference; lastKnownFileType = sourcecode.swift; path = ViewController.swift; sourceTree = "<group>"; };
		04F6AAAB262432D700712275 /* Assets.xcassets */ = {isa = PBXFileReference; lastKnownFileType = folder.assetcatalog; path = Assets.xcassets; sourceTree = "<group>"; };
		04F6AAAE262432D700712275 /* Base */ = {isa = PBXFileReference; lastKnownFileType = file.storyboard; name = Base; path = Base.lproj/LaunchScreen.storyboard; sourceTree = "<group>"; };
		04F6AAB0262432D700712275 /* Info.plist */ = {isa = PBXFileReference; lastKnownFileType = text.plist.xml; path = Info.plist; sourceTree = "<group>"; };
		04F6AAB5262432D700712275 /* bazel-tulsiTests.xctest */ = {isa = PBXFileReference; explicitFileType = wrapper.cfbundle; includeInIndex = 0; path = "bazel-tulsiTests.xctest"; sourceTree = BUILT_PRODUCTS_DIR; };
		04F6AAB9262432D700712275 /* bazel_tulsiTests.swift */ = {isa = PBXFileReference; lastKnownFileType = sourcecode.swift; path = bazel_tulsiTests.swift; sourceTree = "<group>"; };
		04F6AABB262432D700712275 /* Info.plist */ = {isa = PBXFileReference; lastKnownFileType = text.plist.xml; path = Info.plist; sourceTree = "<group>"; };
		04F6AAC0262432D700712275 /* bazel-tulsiUITests.xctest */ = {isa = PBXFileReference; explicitFileType = wrapper.cfbundle; includeInIndex = 0; path = "bazel-tulsiUITests.xctest"; sourceTree = BUILT_PRODUCTS_DIR; };
		04F6AAC4262432D700712275 /* bazel_tulsiUITests.swift */ = {isa = PBXFileReference; lastKnownFileType = sourcecode.swift; path = bazel_tulsiUITests.swift; sourceTree = "<group>"; };
		04F6AAC6262432D700712275 /* Info.plist */ = {isa = PBXFileReference; lastKnownFileType = text.plist.xml; path = Info.plist; sourceTree = "<group>"; };
/* End PBXFileReference section */

/* Begin PBXFrameworksBuildPhase section */
		04F6AA9C262432D200712275 /* Frameworks */ = {
			isa = PBXFrameworksBuildPhase;
			buildActionMask = 2147483647;
			files = (
			);
			runOnlyForDeploymentPostprocessing = 0;
		};
		04F6AAB2262432D700712275 /* Frameworks */ = {
			isa = PBXFrameworksBuildPhase;
			buildActionMask = 2147483647;
			files = (
			);
			runOnlyForDeploymentPostprocessing = 0;
		};
		04F6AABD262432D700712275 /* Frameworks */ = {
			isa = PBXFrameworksBuildPhase;
			buildActionMask = 2147483647;
			files = (
			);
			runOnlyForDeploymentPostprocessing = 0;
		};
/* End PBXFrameworksBuildPhase section */

/* Begin PBXGroup section */
		04F6AA96262432D200712275 = {
			isa = PBXGroup;
			children = (
				04F6AAA1262432D200712275 /* bazel-tulsi */,
				04F6AAB8262432D700712275 /* bazel-tulsiTests */,
				04F6AAC3262432D700712275 /* bazel-tulsiUITests */,
				04F6AAA0262432D200712275 /* Products */,
			);
			sourceTree = "<group>";
		};
		04F6AAA0262432D200712275 /* Products */ = {
			isa = PBXGroup;
			children = (
				04F6AA9F262432D200712275 /* bazel-tulsi.app */,
				04F6AAB5262432D700712275 /* bazel-tulsiTests.xctest */,
				04F6AAC0262432D700712275 /* bazel-tulsiUITests.xctest */,
			);
			name = Products;
			sourceTree = "<group>";
		};
		04F6AAA1262432D200712275 /* bazel-tulsi */ = {
			isa = PBXGroup;
			children = (
				04F6AADC2624346D00712275 /* Resources */,
				04F6AADB2624345E00712275 /* AppDelegate */,
				04F6AADD2624348500712275 /* BundleFiles */,
				04F6AADE2624349300712275 /* UserStory */,
			);
			path = "bazel-tulsi";
			sourceTree = "<group>";
		};
		04F6AAB8262432D700712275 /* bazel-tulsiTests */ = {
			isa = PBXGroup;
			children = (
				04F6AAB9262432D700712275 /* bazel_tulsiTests.swift */,
				04F6AABB262432D700712275 /* Info.plist */,
			);
			path = "bazel-tulsiTests";
			sourceTree = "<group>";
		};
		04F6AAC3262432D700712275 /* bazel-tulsiUITests */ = {
			isa = PBXGroup;
			children = (
				04F6AAC4262432D700712275 /* bazel_tulsiUITests.swift */,
				04F6AAC6262432D700712275 /* Info.plist */,
			);
			path = "bazel-tulsiUITests";
			sourceTree = "<group>";
		};
		04F6AADB2624345E00712275 /* AppDelegate */ = {
			isa = PBXGroup;
			children = (
				04F6AAA2262432D200712275 /* AppDelegate.swift */,
				04F6AAA4262432D200712275 /* SceneDelegate.swift */,
			);
			path = AppDelegate;
			sourceTree = "<group>";
		};
		04F6AADC2624346D00712275 /* Resources */ = {
			isa = PBXGroup;
			children = (
				04F6AAAD262432D700712275 /* LaunchScreen.storyboard */,
				04F6AAAB262432D700712275 /* Assets.xcassets */,
			);
			path = Resources;
			sourceTree = "<group>";
		};
		04F6AADD2624348500712275 /* BundleFiles */ = {
			isa = PBXGroup;
			children = (
				04F6AAB0262432D700712275 /* Info.plist */,
			);
			path = BundleFiles;
			sourceTree = "<group>";
		};
		04F6AADE2624349300712275 /* UserStory */ = {
			isa = PBXGroup;
			children = (
				04F6AAA6262432D200712275 /* ViewController.swift */,
			);
			path = UserStory;
			sourceTree = "<group>";
		};
/* End PBXGroup section */

/* Begin PBXNativeTarget section */
		04F6AA9E262432D200712275 /* bazel-tulsi */ = {
			isa = PBXNativeTarget;
			buildConfigurationList = 04F6AAC9262432D800712275 /* Build configuration list for PBXNativeTarget "bazel-tulsi" */;
			buildPhases = (
				04F6AA9B262432D200712275 /* Sources */,
				04F6AA9C262432D200712275 /* Frameworks */,
				04F6AA9D262432D200712275 /* Resources */,
			);
			buildRules = (
			);
			dependencies = (
			);
			name = "bazel-tulsi";
			productName = "bazel-tulsi";
			productReference = 04F6AA9F262432D200712275 /* bazel-tulsi.app */;
			productType = "com.apple.product-type.application";
		};
		04F6AAB4262432D700712275 /* bazel-tulsiTests */ = {
			isa = PBXNativeTarget;
			buildConfigurationList = 04F6AACC262432D800712275 /* Build configuration list for PBXNativeTarget "bazel-tulsiTests" */;
			buildPhases = (
				04F6AAB1262432D700712275 /* Sources */,
				04F6AAB2262432D700712275 /* Frameworks */,
				04F6AAB3262432D700712275 /* Resources */,
			);
			buildRules = (
			);
			dependencies = (
				04F6AAB7262432D700712275 /* PBXTargetDependency */,
			);
			name = "bazel-tulsiTests";
			productName = "bazel-tulsiTests";
			productReference = 04F6AAB5262432D700712275 /* bazel-tulsiTests.xctest */;
			productType = "com.apple.product-type.bundle.unit-test";
		};
		04F6AABF262432D700712275 /* bazel-tulsiUITests */ = {
			isa = PBXNativeTarget;
			buildConfigurationList = 04F6AACF262432D800712275 /* Build configuration list for PBXNativeTarget "bazel-tulsiUITests" */;
			buildPhases = (
				04F6AABC262432D700712275 /* Sources */,
				04F6AABD262432D700712275 /* Frameworks */,
				04F6AABE262432D700712275 /* Resources */,
			);
			buildRules = (
			);
			dependencies = (
				04F6AAC2262432D700712275 /* PBXTargetDependency */,
			);
			name = "bazel-tulsiUITests";
			productName = "bazel-tulsiUITests";
			productReference = 04F6AAC0262432D700712275 /* bazel-tulsiUITests.xctest */;
			productType = "com.apple.product-type.bundle.ui-testing";
		};
/* End PBXNativeTarget section */

/* Begin PBXProject section */
		04F6AA97262432D200712275 /* Project object */ = {
			isa = PBXProject;
			attributes = {
				LastSwiftUpdateCheck = 1240;
				LastUpgradeCheck = 1240;
				TargetAttributes = {
					04F6AA9E262432D200712275 = {
						CreatedOnToolsVersion = 12.4;
					};
					04F6AAB4262432D700712275 = {
						CreatedOnToolsVersion = 12.4;
						TestTargetID = 04F6AA9E262432D200712275;
					};
					04F6AABF262432D700712275 = {
						CreatedOnToolsVersion = 12.4;
						TestTargetID = 04F6AA9E262432D200712275;
					};
				};
			};
			buildConfigurationList = 04F6AA9A262432D200712275 /* Build configuration list for PBXProject "bazel-tulsi" */;
			compatibilityVersion = "Xcode 9.3";
			developmentRegion = en;
			hasScannedForEncodings = 0;
			knownRegions = (
				en,
				Base,
			);
			mainGroup = 04F6AA96262432D200712275;
			productRefGroup = 04F6AAA0262432D200712275 /* Products */;
			projectDirPath = "";
			projectRoot = "";
			targets = (
				04F6AA9E262432D200712275 /* bazel-tulsi */,
				04F6AAB4262432D700712275 /* bazel-tulsiTests */,
				04F6AABF262432D700712275 /* bazel-tulsiUITests */,
			);
		};
/* End PBXProject section */

/* Begin PBXResourcesBuildPhase section */
		04F6AA9D262432D200712275 /* Resources */ = {
			isa = PBXResourcesBuildPhase;
			buildActionMask = 2147483647;
			files = (
				04F6AAAF262432D700712275 /* LaunchScreen.storyboard in Resources */,
				04F6AAAC262432D700712275 /* Assets.xcassets in Resources */,
			);
			runOnlyForDeploymentPostprocessing = 0;
		};
		04F6AAB3262432D700712275 /* Resources */ = {
			isa = PBXResourcesBuildPhase;
			buildActionMask = 2147483647;
			files = (
			);
			runOnlyForDeploymentPostprocessing = 0;
		};
		04F6AABE262432D700712275 /* Resources */ = {
			isa = PBXResourcesBuildPhase;
			buildActionMask = 2147483647;
			files = (
			);
			runOnlyForDeploymentPostprocessing = 0;
		};
/* End PBXResourcesBuildPhase section */

/* Begin PBXSourcesBuildPhase section */
		04F6AA9B262432D200712275 /* Sources */ = {
			isa = PBXSourcesBuildPhase;
			buildActionMask = 2147483647;
			files = (
				04F6AAA7262432D200712275 /* ViewController.swift in Sources */,
				04F6AAA3262432D200712275 /* AppDelegate.swift in Sources */,
				04F6AAA5262432D200712275 /* SceneDelegate.swift in Sources */,
			);
			runOnlyForDeploymentPostprocessing = 0;
		};
		04F6AAB1262432D700712275 /* Sources */ = {
			isa = PBXSourcesBuildPhase;
			buildActionMask = 2147483647;
			files = (
				04F6AABA262432D700712275 /* bazel_tulsiTests.swift in Sources */,
			);
			runOnlyForDeploymentPostprocessing = 0;
		};
		04F6AABC262432D700712275 /* Sources */ = {
			isa = PBXSourcesBuildPhase;
			buildActionMask = 2147483647;
			files = (
				04F6AAC5262432D700712275 /* bazel_tulsiUITests.swift in Sources */,
			);
			runOnlyForDeploymentPostprocessing = 0;
		};
/* End PBXSourcesBuildPhase section */

/* Begin PBXTargetDependency section */
		04F6AAB7262432D700712275 /* PBXTargetDependency */ = {
			isa = PBXTargetDependency;
			target = 04F6AA9E262432D200712275 /* bazel-tulsi */;
			targetProxy = 04F6AAB6262432D700712275 /* PBXContainerItemProxy */;
		};
		04F6AAC2262432D700712275 /* PBXTargetDependency */ = {
			isa = PBXTargetDependency;
			target = 04F6AA9E262432D200712275 /* bazel-tulsi */;
			targetProxy = 04F6AAC1262432D700712275 /* PBXContainerItemProxy */;
		};
/* End PBXTargetDependency section */

/* Begin PBXVariantGroup section */
		04F6AAAD262432D700712275 /* LaunchScreen.storyboard */ = {
			isa = PBXVariantGroup;
			children = (
				04F6AAAE262432D700712275 /* Base */,
			);
			name = LaunchScreen.storyboard;
			sourceTree = "<group>";
		};
/* End PBXVariantGroup section */

/* Begin XCBuildConfiguration section */
		04F6AAC7262432D800712275 /* Debug */ = {
			isa = XCBuildConfiguration;
			buildSettings = {
				ALWAYS_SEARCH_USER_PATHS = NO;
				CLANG_ANALYZER_NONNULL = YES;
				CLANG_ANALYZER_NUMBER_OBJECT_CONVERSION = YES_AGGRESSIVE;
				CLANG_CXX_LANGUAGE_STANDARD = "gnu++14";
				CLANG_CXX_LIBRARY = "libc++";
				CLANG_ENABLE_MODULES = YES;
				CLANG_ENABLE_OBJC_ARC = YES;
				CLANG_ENABLE_OBJC_WEAK = YES;
				CLANG_WARN_BLOCK_CAPTURE_AUTORELEASING = YES;
				CLANG_WARN_BOOL_CONVERSION = YES;
				CLANG_WARN_COMMA = YES;
				CLANG_WARN_CONSTANT_CONVERSION = YES;
				CLANG_WARN_DEPRECATED_OBJC_IMPLEMENTATIONS = YES;
				CLANG_WARN_DIRECT_OBJC_ISA_USAGE = YES_ERROR;
				CLANG_WARN_DOCUMENTATION_COMMENTS = YES;
				CLANG_WARN_EMPTY_BODY = YES;
				CLANG_WARN_ENUM_CONVERSION = YES;
				CLANG_WARN_INFINITE_RECURSION = YES;
				CLANG_WARN_INT_CONVERSION = YES;
				CLANG_WARN_NON_LITERAL_NULL_CONVERSION = YES;
				CLANG_WARN_OBJC_IMPLICIT_RETAIN_SELF = YES;
				CLANG_WARN_OBJC_LITERAL_CONVERSION = YES;
				CLANG_WARN_OBJC_ROOT_CLASS = YES_ERROR;
				CLANG_WARN_QUOTED_INCLUDE_IN_FRAMEWORK_HEADER = YES;
				CLANG_WARN_RANGE_LOOP_ANALYSIS = YES;
				CLANG_WARN_STRICT_PROTOTYPES = YES;
				CLANG_WARN_SUSPICIOUS_MOVE = YES;
				CLANG_WARN_UNGUARDED_AVAILABILITY = YES_AGGRESSIVE;
				CLANG_WARN_UNREACHABLE_CODE = YES;
				CLANG_WARN__DUPLICATE_METHOD_MATCH = YES;
				COPY_PHASE_STRIP = NO;
				DEBUG_INFORMATION_FORMAT = dwarf;
				ENABLE_STRICT_OBJC_MSGSEND = YES;
				ENABLE_TESTABILITY = YES;
				GCC_C_LANGUAGE_STANDARD = gnu11;
				GCC_DYNAMIC_NO_PIC = NO;
				GCC_NO_COMMON_BLOCKS = YES;
				GCC_OPTIMIZATION_LEVEL = 0;
				GCC_PREPROCESSOR_DEFINITIONS = (
					"DEBUG=1",
					"$(inherited)",
				);
				GCC_WARN_64_TO_32_BIT_CONVERSION = YES;
				GCC_WARN_ABOUT_RETURN_TYPE = YES_ERROR;
				GCC_WARN_UNDECLARED_SELECTOR = YES;
				GCC_WARN_UNINITIALIZED_AUTOS = YES_AGGRESSIVE;
				GCC_WARN_UNUSED_FUNCTION = YES;
				GCC_WARN_UNUSED_VARIABLE = YES;
				IPHONEOS_DEPLOYMENT_TARGET = 14.4;
				MTL_ENABLE_DEBUG_INFO = INCLUDE_SOURCE;
				MTL_FAST_MATH = YES;
				ONLY_ACTIVE_ARCH = YES;
				SDKROOT = iphoneos;
				SWIFT_ACTIVE_COMPILATION_CONDITIONS = DEBUG;
				SWIFT_OPTIMIZATION_LEVEL = "-Onone";
			};
			name = Debug;
		};
		04F6AAC8262432D800712275 /* Release */ = {
			isa = XCBuildConfiguration;
			buildSettings = {
				ALWAYS_SEARCH_USER_PATHS = NO;
				CLANG_ANALYZER_NONNULL = YES;
				CLANG_ANALYZER_NUMBER_OBJECT_CONVERSION = YES_AGGRESSIVE;
				CLANG_CXX_LANGUAGE_STANDARD = "gnu++14";
				CLANG_CXX_LIBRARY = "libc++";
				CLANG_ENABLE_MODULES = YES;
				CLANG_ENABLE_OBJC_ARC = YES;
				CLANG_ENABLE_OBJC_WEAK = YES;
				CLANG_WARN_BLOCK_CAPTURE_AUTORELEASING = YES;
				CLANG_WARN_BOOL_CONVERSION = YES;
				CLANG_WARN_COMMA = YES;
				CLANG_WARN_CONSTANT_CONVERSION = YES;
				CLANG_WARN_DEPRECATED_OBJC_IMPLEMENTATIONS = YES;
				CLANG_WARN_DIRECT_OBJC_ISA_USAGE = YES_ERROR;
				CLANG_WARN_DOCUMENTATION_COMMENTS = YES;
				CLANG_WARN_EMPTY_BODY = YES;
				CLANG_WARN_ENUM_CONVERSION = YES;
				CLANG_WARN_INFINITE_RECURSION = YES;
				CLANG_WARN_INT_CONVERSION = YES;
				CLANG_WARN_NON_LITERAL_NULL_CONVERSION = YES;
				CLANG_WARN_OBJC_IMPLICIT_RETAIN_SELF = YES;
				CLANG_WARN_OBJC_LITERAL_CONVERSION = YES;
				CLANG_WARN_OBJC_ROOT_CLASS = YES_ERROR;
				CLANG_WARN_QUOTED_INCLUDE_IN_FRAMEWORK_HEADER = YES;
				CLANG_WARN_RANGE_LOOP_ANALYSIS = YES;
				CLANG_WARN_STRICT_PROTOTYPES = YES;
				CLANG_WARN_SUSPICIOUS_MOVE = YES;
				CLANG_WARN_UNGUARDED_AVAILABILITY = YES_AGGRESSIVE;
				CLANG_WARN_UNREACHABLE_CODE = YES;
				CLANG_WARN__DUPLICATE_METHOD_MATCH = YES;
				COPY_PHASE_STRIP = NO;
				DEBUG_INFORMATION_FORMAT = "dwarf-with-dsym";
				ENABLE_NS_ASSERTIONS = NO;
				ENABLE_STRICT_OBJC_MSGSEND = YES;
				GCC_C_LANGUAGE_STANDARD = gnu11;
				GCC_NO_COMMON_BLOCKS = YES;
				GCC_WARN_64_TO_32_BIT_CONVERSION = YES;
				GCC_WARN_ABOUT_RETURN_TYPE = YES_ERROR;
				GCC_WARN_UNDECLARED_SELECTOR = YES;
				GCC_WARN_UNINITIALIZED_AUTOS = YES_AGGRESSIVE;
				GCC_WARN_UNUSED_FUNCTION = YES;
				GCC_WARN_UNUSED_VARIABLE = YES;
				IPHONEOS_DEPLOYMENT_TARGET = 14.4;
				MTL_ENABLE_DEBUG_INFO = NO;
				MTL_FAST_MATH = YES;
				SDKROOT = iphoneos;
				SWIFT_COMPILATION_MODE = wholemodule;
				SWIFT_OPTIMIZATION_LEVEL = "-O";
				VALIDATE_PRODUCT = YES;
			};
			name = Release;
		};
		04F6AACA262432D800712275 /* Debug */ = {
			isa = XCBuildConfiguration;
			buildSettings = {
				ASSETCATALOG_COMPILER_APPICON_NAME = AppIcon;
				ASSETCATALOG_COMPILER_GLOBAL_ACCENT_COLOR_NAME = AccentColor;
				CODE_SIGN_STYLE = Automatic;
				DEVELOPMENT_TEAM = MDWBDEPC5G;
				INFOPLIST_FILE = "$(SRCROOT)/bazel-tulsi/BundleFiles/Info.plist";
				IPHONEOS_DEPLOYMENT_TARGET = 11.0;
				LD_RUNPATH_SEARCH_PATHS = (
					"$(inherited)",
					"@executable_path/Frameworks",
				);
				PRODUCT_BUNDLE_IDENTIFIER = "com.serglam.bazel-tulsi";
				PRODUCT_NAME = "$(TARGET_NAME)";
				SWIFT_VERSION = 5.0;
				TARGETED_DEVICE_FAMILY = "1,2";
			};
			name = Debug;
		};
		04F6AACB262432D800712275 /* Release */ = {
			isa = XCBuildConfiguration;
			buildSettings = {
				ASSETCATALOG_COMPILER_APPICON_NAME = AppIcon;
				ASSETCATALOG_COMPILER_GLOBAL_ACCENT_COLOR_NAME = AccentColor;
				CODE_SIGN_STYLE = Automatic;
				DEVELOPMENT_TEAM = MDWBDEPC5G;
				INFOPLIST_FILE = "$(SRCROOT)/bazel-tulsi/BundleFiles/Info.plist";
				IPHONEOS_DEPLOYMENT_TARGET = 11.0;
				LD_RUNPATH_SEARCH_PATHS = (
					"$(inherited)",
					"@executable_path/Frameworks",
				);
				PRODUCT_BUNDLE_IDENTIFIER = "com.serglam.bazel-tulsi";
				PRODUCT_NAME = "$(TARGET_NAME)";
				SWIFT_VERSION = 5.0;
				TARGETED_DEVICE_FAMILY = "1,2";
			};
			name = Release;
		};
		04F6AACD262432D800712275 /* Debug */ = {
			isa = XCBuildConfiguration;
			buildSettings = {
				ALWAYS_EMBED_SWIFT_STANDARD_LIBRARIES = YES;
				BUNDLE_LOADER = "$(TEST_HOST)";
				CODE_SIGN_STYLE = Automatic;
				DEVELOPMENT_TEAM = MDWBDEPC5G;
				INFOPLIST_FILE = "bazel-tulsiTests/Info.plist";
				IPHONEOS_DEPLOYMENT_TARGET = 14.4;
				LD_RUNPATH_SEARCH_PATHS = (
					"$(inherited)",
					"@executable_path/Frameworks",
					"@loader_path/Frameworks",
				);
				PRODUCT_BUNDLE_IDENTIFIER = "com.serglam.bazel-tulsiTests";
				PRODUCT_NAME = "$(TARGET_NAME)";
				SWIFT_VERSION = 5.0;
				TARGETED_DEVICE_FAMILY = "1,2";
				TEST_HOST = "$(BUILT_PRODUCTS_DIR)/bazel-tulsi.app/bazel-tulsi";
			};
			name = Debug;
		};
		04F6AACE262432D800712275 /* Release */ = {
			isa = XCBuildConfiguration;
			buildSettings = {
				ALWAYS_EMBED_SWIFT_STANDARD_LIBRARIES = YES;
				BUNDLE_LOADER = "$(TEST_HOST)";
				CODE_SIGN_STYLE = Automatic;
				DEVELOPMENT_TEAM = MDWBDEPC5G;
				INFOPLIST_FILE = "bazel-tulsiTests/Info.plist";
				IPHONEOS_DEPLOYMENT_TARGET = 14.4;
				LD_RUNPATH_SEARCH_PATHS = (
					"$(inherited)",
					"@executable_path/Frameworks",
					"@loader_path/Frameworks",
				);
				PRODUCT_BUNDLE_IDENTIFIER = "com.serglam.bazel-tulsiTests";
				PRODUCT_NAME = "$(TARGET_NAME)";
				SWIFT_VERSION = 5.0;
				TARGETED_DEVICE_FAMILY = "1,2";
				TEST_HOST = "$(BUILT_PRODUCTS_DIR)/bazel-tulsi.app/bazel-tulsi";
			};
			name = Release;
		};
		04F6AAD0262432D800712275 /* Debug */ = {
			isa = XCBuildConfiguration;
			buildSettings = {
				ALWAYS_EMBED_SWIFT_STANDARD_LIBRARIES = YES;
				CODE_SIGN_STYLE = Automatic;
				DEVELOPMENT_TEAM = MDWBDEPC5G;
				INFOPLIST_FILE = "bazel-tulsiUITests/Info.plist";
				LD_RUNPATH_SEARCH_PATHS = (
					"$(inherited)",
					"@executable_path/Frameworks",
					"@loader_path/Frameworks",
				);
				PRODUCT_BUNDLE_IDENTIFIER = "com.serglam.bazel-tulsiUITests";
				PRODUCT_NAME = "$(TARGET_NAME)";
				SWIFT_VERSION = 5.0;
				TARGETED_DEVICE_FAMILY = "1,2";
				TEST_TARGET_NAME = "bazel-tulsi";
			};
			name = Debug;
		};
		04F6AAD1262432D800712275 /* Release */ = {
			isa = XCBuildConfiguration;
			buildSettings = {
				ALWAYS_EMBED_SWIFT_STANDARD_LIBRARIES = YES;
				CODE_SIGN_STYLE = Automatic;
				DEVELOPMENT_TEAM = MDWBDEPC5G;
				INFOPLIST_FILE = "bazel-tulsiUITests/Info.plist";
				LD_RUNPATH_SEARCH_PATHS = (
					"$(inherited)",
					"@executable_path/Frameworks",
					"@loader_path/Frameworks",
				);
				PRODUCT_BUNDLE_IDENTIFIER = "com.serglam.bazel-tulsiUITests";
				PRODUCT_NAME = "$(TARGET_NAME)";
				SWIFT_VERSION = 5.0;
				TARGETED_DEVICE_FAMILY = "1,2";
				TEST_TARGET_NAME = "bazel-tulsi";
			};
			name = Release;
		};
/* End XCBuildConfiguration section */

/* Begin XCConfigurationList section */
		04F6AA9A262432D200712275 /* Build configuration list for PBXProject "bazel-tulsi" */ = {
			isa = XCConfigurationList;
			buildConfigurations = (
				04F6AAC7262432D800712275 /* Debug */,
				04F6AAC8262432D800712275 /* Release */,
			);
			defaultConfigurationIsVisible = 0;
			defaultConfigurationName = Release;
		};
		04F6AAC9262432D800712275 /* Build configuration list for PBXNativeTarget "bazel-tulsi" */ = {
			isa = XCConfigurationList;
			buildConfigurations = (
				04F6AACA262432D800712275 /* Debug */,
				04F6AACB262432D800712275 /* Release */,
			);
			defaultConfigurationIsVisible = 0;
			defaultConfigurationName = Release;
		};
		04F6AACC262432D800712275 /* Build configuration list for PBXNativeTarget "bazel-tulsiTests" */ = {
			isa = XCConfigurationList;
			buildConfigurations = (
				04F6AACD262432D800712275 /* Debug */,
				04F6AACE262432D800712275 /* Release */,
			);
			defaultConfigurationIsVisible = 0;
			defaultConfigurationName = Release;
		};
		04F6AACF262432D800712275 /* Build configuration list for PBXNativeTarget "bazel-tulsiUITests" */ = {
			isa = XCConfigurationList;
			buildConfigurations = (
				04F6AAD0262432D800712275 /* Debug */,
				04F6AAD1262432D800712275 /* Release */,
			);
			defaultConfigurationIsVisible = 0;
			defaultConfigurationName = Release;
		};
/* End XCConfigurationList section */
	};
	rootObject = 04F6AA97262432D200712275 /* Project object */;
}
